
Microsoft Visual Studio Solution File, Format Version 12.00
# Visual Studio Version 16
VisualStudioVersion = 16.0.31911.196
MinimumVisualStudioVersion = 10.0.40219.1
Project("{9A19103F-16F7-4668-BE54-9A1E7A4F7556}") = "RDLCDynamicColumns", "RDLCDynamicColumns\RDLCDynamicColumns.csproj", "{BF094770-C8A7-4AF4-BA6D-DC836DEDD557}"
EndProject
Project("{FAE04EC0-301F-11D3-BF4B-00C04F79EFBC}") = "RDLCDynamicColumns.UnitTests", "RDLCDynamicColumns.UnitTests\RDLCDynamicColumns.UnitTests.csproj", "{C3313F6E-D1B3-4AB1-BD10-9ADCCB46CBC2}"
EndProject
Global
	GlobalSection(SolutionConfigurationPlatforms) = preSolution
		Debug|Any CPU = Debug|Any CPU
		Release|Any CPU = Release|Any CPU
	EndGlobalSection
	GlobalSection(ProjectConfigurationPlatforms) = postSolution
		{BF094770-C8A7-4AF4-BA6D-DC836DEDD557}.Debug|Any CPU.ActiveCfg = Debug|Any CPU
		{BF094770-C8A7-4AF4-BA6D-DC836DEDD557}.Debug|Any CPU.Build.0 = Debug|Any CPU
		{BF094770-C8A7-4AF4-BA6D-DC836DEDD557}.Release|Any CPU.ActiveCfg = Release|Any CPU
		{BF094770-C8A7-4AF4-BA6D-DC836DEDD557}.Release|Any CPU.Build.0 = Release|Any CPU
		{C3313F6E-D1B3-4AB1-BD10-9ADCCB46CBC2}.Debug|Any CPU.ActiveCfg = Debug|Any CPU
		{C3313F6E-D1B3-4AB1-BD10-9ADCCB46CBC2}.Debug|Any CPU.Build.0 = Debug|Any CPU
		{C3313F6E-D1B3-4AB1-BD10-9ADCCB46CBC2}.Release|Any CPU.ActiveCfg = Release|Any CPU
		{C3313F6E-D1B3-4AB1-BD10-9ADCCB46CBC2}.Release|Any CPU.Build.0 = Release|Any CPU
	EndGlobalSection
	GlobalSection(SolutionProperties) = preSolution
		HideSolutionNode = FALSE
	EndGlobalSection
	GlobalSection(ExtensibilityGlobals) = postSolution
		SolutionGuid = {FE895434-0864-4D53-93DE-CC800C58A935}
	EndGlobalSection
EndGlobal
